# This file is generated by running "yarn install" inside your project.
# Manual changes might be lost - proceed with caution!

__metadata:
  version: 6
  cacheKey: 8

"@lukeed/csprng@npm:^1.0.0":
  version: 1.0.1
  resolution: "@lukeed/csprng@npm:1.0.1"
  checksum: fd84d6832775052d6bff3e78b0bc7f4b29b2fafa71b04826b0713f55d9a447a0b273d4eb70d02d89bb879e9d768cd9716da818dafa32ba6f7ecb639cbdc6806d
  languageName: node
  linkType: hard

"@lukeed/uuid@npm:^2.0.0":
  version: 2.0.0
  resolution: "@lukeed/uuid@npm:2.0.0"
  dependencies:
    "@lukeed/csprng": ^1.0.0
  checksum: 7d55c0a9f26db9f63728db46f74948cf539f2690556cb30a9b21eb86d7ef48f184d4bfe808975e22fba0f493f5742f1e9adf97af9efe456049a6f82be83c71f6
  languageName: node
  linkType: hard

"@segment/analytics-core@npm:1.2.3":
  version: 1.2.3
  resolution: "@segment/analytics-core@npm:1.2.3"
  dependencies:
    "@lukeed/uuid": ^2.0.0
    dset: ^3.1.2
    tslib: ^2.4.1
  checksum: dfa027bdcf6e7c6a9710d1f884cfaee9423a67bc04541bf47ea284d7a13d8926f0d85ecff51071bcdaaf9dbd56e44d69b68609530a039f4b7f04582c1dcb25fb
  languageName: node
  linkType: hard

"@segment/analytics-node@npm:^1.0.0-beta.24":
  version: 1.0.0-beta.24
  resolution: "@segment/analytics-node@npm:1.0.0-beta.24"
  dependencies:
    "@lukeed/uuid": ^2.0.0
    "@segment/analytics-core": 1.2.3
    buffer: ^6.0.3
    node-fetch: ^2.6.7
    tslib: ^2.4.1
  checksum: 95822ae5f0eee49d74c9e43fdc83df00b5f682331c520a0dba8eb25dd154d71640192d863cd2c2aa64a6e3050e419143fa7a7c4ce5225ffc67c1ed943ee625b4
  languageName: node
  linkType: hard

"analytics-node-js-18@workspace:.":
  version: 0.0.0-use.local
  resolution: "analytics-node-js-18@workspace:."
  dependencies:
    "@segment/analytics-node": ^1.0.0-beta.24
  languageName: unknown
  linkType: soft

"base64-js@npm:^1.3.1":
  version: 1.5.1
  resolution: "base64-js@npm:1.5.1"
  checksum: 669632eb3745404c2f822a18fc3a0122d2f9a7a13f7fb8b5823ee19d1d2ff9ee5b52c53367176ea4ad093c332fd5ab4bd0ebae5a8e27917a4105a4cfc86b1005
  languageName: node
  linkType: hard

"buffer@npm:^6.0.3":
  version: 6.0.3
  resolution: "buffer@npm:6.0.3"
  dependencies:
    base64-js: ^1.3.1
    ieee754: ^1.2.1
  checksum: 5ad23293d9a731e4318e420025800b42bf0d264004c0286c8cc010af7a270c7a0f6522e84f54b9ad65cbd6db20b8badbfd8d2ebf4f80fa03dab093b89e68c3f9
  languageName: node
  linkType: hard

"dset@npm:^3.1.2":
  version: 3.1.2
  resolution: "dset@npm:3.1.2"
  checksum: 4f8066f517aa0a70af688c66e9a0a5590f0aada76f6edc7ba9ddb309e27d3a6d65c0a2e31ab2a84005d4c791e5327773cdde59b8ab169050330a0dc283663e87
  languageName: node
  linkType: hard

"ieee754@npm:^1.2.1":
  version: 1.2.1
  resolution: "ieee754@npm:1.2.1"
  checksum: 5144c0c9815e54ada181d80a0b810221a253562422e7c6c3a60b1901154184f49326ec239d618c416c1c5945a2e197107aee8d986a3dd836b53dffefd99b5e7e
  languageName: node
  linkType: hard

"node-fetch@npm:^2.6.7":
  version: 2.6.9
  resolution: "node-fetch@npm:2.6.9"
  dependencies:
    whatwg-url: ^5.0.0
  peerDependencies:
    encoding: ^0.1.0
  peerDependenciesMeta:
    encoding:
      optional: true
  checksum: acb04f9ce7224965b2b59e71b33c639794d8991efd73855b0b250921382b38331ffc9d61bce502571f6cc6e11a8905ca9b1b6d4aeb586ab093e2756a1fd190d0
  languageName: node
  linkType: hard

"tr46@npm:~0.0.3":
  version: 0.0.3
  resolution: "tr46@npm:0.0.3"
  checksum: 726321c5eaf41b5002e17ffbd1fb7245999a073e8979085dacd47c4b4e8068ff5777142fc6726d6ca1fd2ff16921b48788b87225cbc57c72636f6efa8efbffe3
  languageName: node
  linkType: hard

"tslib@npm:^2.4.1":
  version: 2.5.0
  resolution: "tslib@npm:2.5.0"
  checksum: ae3ed5f9ce29932d049908ebfdf21b3a003a85653a9a140d614da6b767a93ef94f460e52c3d787f0e4f383546981713f165037dc2274df212ea9f8a4541004e1
  languageName: node
  linkType: hard

"webidl-conversions@npm:^3.0.0":
  version: 3.0.1
  resolution: "webidl-conversions@npm:3.0.1"
  checksum: c92a0a6ab95314bde9c32e1d0a6dfac83b578f8fa5f21e675bc2706ed6981bc26b7eb7e6a1fab158e5ce4adf9caa4a0aee49a52505d4d13c7be545f15021b17c
  languageName: node
  linkType: hard

"whatwg-url@npm:^5.0.0":
  version: 5.0.0
  resolution: "whatwg-url@npm:5.0.0"
  dependencies:
    tr46: ~0.0.3
    webidl-conversions: ^3.0.0
  checksum: b8daed4ad3356cc4899048a15b2c143a9aed0dfae1f611ebd55073310c7b910f522ad75d727346ad64203d7e6c79ef25eafd465f4d12775ca44b90fa82ed9e2c
  languageName: node
  linkType: hard
